{
  "version": "5",
  "specifiers": {
    "jsr:@noble/hashes@^1.8.0": "1.8.0",
    "jsr:@noble/secp256k1@^2.3.0": "2.3.0",
    "jsr:@vanice/types@~0.1.9": "0.1.9"
  },
  "jsr": {
    "@noble/hashes@1.8.0": {
      "integrity": "b52a2fcb4d02f8d8137871564a31f1ee9e2b0d15eedabbf32d2f7333f0abc939"
    },
    "@noble/secp256k1@2.3.0": {
      "integrity": "63eb4479a7c548e0ddea1cb5ea9bf7efacafe495e7f1c07bce1b4108df95967f"
    },
    "@vanice/types@0.1.9": {
      "integrity": "d125f6b4ffbd9db40df1771a703e38cf626e4b16d898669f3683cc68bd3689eb",
      "dependencies": [
        "jsr:@noble/hashes",
        "jsr:@noble/secp256k1"
      ]
    }
  },
  "workspace": {
    "dependencies": [
      "jsr:@vanice/types@~0.1.9"
    ]
  }
}
