{
  "version": "5",
  "specifiers": {
    "jsr:@noble/ed25519@3": "3.0.0",
    "jsr:@noble/hashes@^1.8.0": "1.8.0",
    "jsr:@noble/secp256k1@3": "3.0.0",
    "jsr:@vanice/types@0.2.0-alpha.2": "0.2.0-alpha.2"
  },
  "jsr": {
    "@noble/ed25519@3.0.0": {
      "integrity": "cf3cc8022e0ab17649af2064be922b9653af8a2bbe695bd02f88317746dc619e"
    },
    "@noble/hashes@1.8.0": {
      "integrity": "b52a2fcb4d02f8d8137871564a31f1ee9e2b0d15eedabbf32d2f7333f0abc939"
    },
    "@noble/secp256k1@3.0.0": {
      "integrity": "8d1639a9c06fcffacf720d8319e8e996e9fbfbaf868324e4cec5dc56b2ade1b9"
    },
    "@vanice/types@0.2.0-alpha.2": {
      "integrity": "c29873021691465c722ddb16b4fe98c5708596044496c0e29dcb61ab129aa9ea",
      "dependencies": [
        "jsr:@noble/ed25519",
        "jsr:@noble/hashes",
        "jsr:@noble/secp256k1"
      ]
    }
  },
  "workspace": {
    "dependencies": [
      "jsr:@vanice/types@0.2.0-alpha.2"
    ]
  }
}
