{
  "version": "5",
  "specifiers": {
    "jsr:@noble/curves@2.0.1": "2.0.1",
    "jsr:@noble/ed25519@3": "3.0.0",
    "jsr:@noble/hashes@2": "2.0.1",
    "jsr:@noble/hashes@2.0.1": "2.0.1",
    "jsr:@noble/hashes@^1.8.0": "1.8.0",
    "jsr:@noble/secp256k1@3": "3.0.0",
    "jsr:@scure/base@2.0.0": "2.0.0",
    "jsr:@scure/bip32@^2.0.1": "2.0.1",
    "jsr:@scure/bip39@^2.0.1": "2.0.1",
    "jsr:@vanice/types@~0.2.20": "0.2.20"
  },
  "jsr": {
    "@noble/curves@2.0.1": {
      "integrity": "21ef41d207a203f60ba37a4fdcbc4f4a545b10c5dab7f293889f18292f81ab23",
      "dependencies": [
        "jsr:@noble/hashes@2"
      ]
    },
    "@noble/ed25519@3.0.0": {
      "integrity": "cf3cc8022e0ab17649af2064be922b9653af8a2bbe695bd02f88317746dc619e"
    },
    "@noble/hashes@1.8.0": {
      "integrity": "b52a2fcb4d02f8d8137871564a31f1ee9e2b0d15eedabbf32d2f7333f0abc939"
    },
    "@noble/hashes@2.0.1": {
      "integrity": "e0e908292a0bf91099cf8ba0720a1647cef82ab38b588815b5e9535b4ff4d7bb"
    },
    "@noble/secp256k1@3.0.0": {
      "integrity": "8d1639a9c06fcffacf720d8319e8e996e9fbfbaf868324e4cec5dc56b2ade1b9"
    },
    "@scure/base@2.0.0": {
      "integrity": "2828432e39fdfc6712ce2a3029c56621e293e38ac5aa02be8c5ead312836fe2f"
    },
    "@scure/bip32@2.0.1": {
      "integrity": "c35ab32dddac27cef80cf3f818294d2dc2c9fdb42f524f1dc1fda9f0f20d149a",
      "dependencies": [
        "jsr:@noble/curves",
        "jsr:@noble/hashes@2.0.1",
        "jsr:@scure/base"
      ]
    },
    "@scure/bip39@2.0.1": {
      "integrity": "18c276b3c6bb5ffa5cb369f1602f00a2e90a11e24ddd32afebc399c57dbd1550",
      "dependencies": [
        "jsr:@noble/hashes@2.0.1",
        "jsr:@scure/base"
      ]
    },
    "@vanice/types@0.2.20": {
      "integrity": "932f5a34f5618e4c82fa770cab1a413d0b840849352a703bfc1bba0fcb8071f7",
      "dependencies": [
        "jsr:@noble/ed25519",
        "jsr:@noble/hashes@^1.8.0",
        "jsr:@noble/secp256k1",
        "jsr:@scure/bip32",
        "jsr:@scure/bip39"
      ]
    }
  },
  "workspace": {
    "dependencies": [
      "jsr:@vanice/types@~0.2.20"
    ]
  }
}
